
Microsoft Visual Studio Solution File, Format Version 12.00
# Visual Studio Version 17
VisualStudioVersion = 17.8.34330.188
MinimumVisualStudioVersion = 10.0.40219.1
Project("{9A19103F-16F7-4668-BE54-9A1E7A4F7556}") = "BlazorPR2.Server", "BlazorPR2.Server\BlazorPR2.Server.csproj", "{3FD3869D-D647-44F6-A598-3008012D8FDB}"
EndProject
Project("{9A19103F-16F7-4668-BE54-9A1E7A4F7556}") = "Colmado", "Colmado\Colmado.csproj", "{66AC34C3-EB69-444E-91CF-2DA1AF5E753C}"
EndProject
Project("{FAE04EC0-301F-11D3-BF4B-00C04F79EFBC}") = "QuintaAPP", "QuintaAPP\QuintaAPP.csproj", "{F97A9684-34C7-4BE5-8AC3-9BFE79FA3EA0}"
EndProject
Global
	GlobalSection(SolutionConfigurationPlatforms) = preSolution
		Debug|Any CPU = Debug|Any CPU
		Release|Any CPU = Release|Any CPU
	EndGlobalSection
	GlobalSection(ProjectConfigurationPlatforms) = postSolution
		{3FD3869D-D647-44F6-A598-3008012D8FDB}.Debug|Any CPU.ActiveCfg = Debug|Any CPU
		{3FD3869D-D647-44F6-A598-3008012D8FDB}.Debug|Any CPU.Build.0 = Debug|Any CPU
		{3FD3869D-D647-44F6-A598-3008012D8FDB}.Release|Any CPU.ActiveCfg = Release|Any CPU
		{3FD3869D-D647-44F6-A598-3008012D8FDB}.Release|Any CPU.Build.0 = Release|Any CPU
		{66AC34C3-EB69-444E-91CF-2DA1AF5E753C}.Debug|Any CPU.ActiveCfg = Debug|Any CPU
		{66AC34C3-EB69-444E-91CF-2DA1AF5E753C}.Debug|Any CPU.Build.0 = Debug|Any CPU
		{66AC34C3-EB69-444E-91CF-2DA1AF5E753C}.Release|Any CPU.ActiveCfg = Release|Any CPU
		{66AC34C3-EB69-444E-91CF-2DA1AF5E753C}.Release|Any CPU.Build.0 = Release|Any CPU
		{F97A9684-34C7-4BE5-8AC3-9BFE79FA3EA0}.Debug|Any CPU.ActiveCfg = Debug|Any CPU
		{F97A9684-34C7-4BE5-8AC3-9BFE79FA3EA0}.Debug|Any CPU.Build.0 = Debug|Any CPU
		{F97A9684-34C7-4BE5-8AC3-9BFE79FA3EA0}.Release|Any CPU.ActiveCfg = Release|Any CPU
		{F97A9684-34C7-4BE5-8AC3-9BFE79FA3EA0}.Release|Any CPU.Build.0 = Release|Any CPU
	EndGlobalSection
	GlobalSection(SolutionProperties) = preSolution
		HideSolutionNode = FALSE
	EndGlobalSection
	GlobalSection(ExtensibilityGlobals) = postSolution
		SolutionGuid = {FC56886D-1F6C-4775-A29C-3F2C6E1C04F5}
	EndGlobalSection
EndGlobal
